
Microsoft Visual Studio Solution File, Format Version 12.00
# Visual Studio Version 17
VisualStudioVersion = 17.1.32210.238
MinimumVisualStudioVersion = 10.0.40219.1
Project("{FAE04EC0-301F-11D3-BF4B-00C04F79EFBC}") = "DisconnectedEnvironment", "DisconnectedEnvironment\DisconnectedEnvironment.csproj", "{753CA67C-688C-4F34-8F7D-ABD6B5BC530A}"
EndProject
Global
	GlobalSection(SolutionConfigurationPlatforms) = preSolution
		Debug|Any CPU = Debug|Any CPU
		Release|Any CPU = Release|Any CPU
	EndGlobalSection
	GlobalSection(ProjectConfigurationPlatforms) = postSolution
		{753CA67C-688C-4F34-8F7D-ABD6B5BC530A}.Debug|Any CPU.ActiveCfg = Debug|Any CPU
		{753CA67C-688C-4F34-8F7D-ABD6B5BC530A}.Debug|Any CPU.Build.0 = Debug|Any CPU
		{753CA67C-688C-4F34-8F7D-ABD6B5BC530A}.Release|Any CPU.ActiveCfg = Release|Any CPU
		{753CA67C-688C-4F34-8F7D-ABD6B5BC530A}.Release|Any CPU.Build.0 = Release|Any CPU
	EndGlobalSection
	GlobalSection(SolutionProperties) = preSolution
		HideSolutionNode = FALSE
	EndGlobalSection
	GlobalSection(ExtensibilityGlobals) = postSolution
		SolutionGuid = {326DD15A-6358-4A29-A896-F6BC90897BB8}
	EndGlobalSection
EndGlobal
